
Microsoft Visual Studio Solution File, Format Version 12.00
Project("{FAE04EC0-301F-11D3-BF4B-00C04F79EFBC}") = "01", "01\01.csproj", "{487DABD1-9F8F-4E19-9344-890EE3FD37FC}"
EndProject
Project("{FAE04EC0-301F-11D3-BF4B-00C04F79EFBC}") = "2", "2\2.csproj", "{D6915D39-48B3-46F9-B961-C104D2F120B6}"
EndProject
Project("{FAE04EC0-301F-11D3-BF4B-00C04F79EFBC}") = "3", "3\3.csproj", "{B87D05E5-94A4-4A22-90E3-3794D5BB4039}"
EndProject
Project("{FAE04EC0-301F-11D3-BF4B-00C04F79EFBC}") = "4", "4\4.csproj", "{78551C52-60CF-49D1-B194-F8B0C4160C2A}"
EndProject
Project("{FAE04EC0-301F-11D3-BF4B-00C04F79EFBC}") = "5", "5\5.csproj", "{8C34069A-AE38-42A3-91A7-CB4BA4CCF132}"
EndProject
Project("{FAE04EC0-301F-11D3-BF4B-00C04F79EFBC}") = "6", "6\6.csproj", "{97BDE8BE-C687-4717-AB85-5AA885913A41}"
EndProject
Project("{FAE04EC0-301F-11D3-BF4B-00C04F79EFBC}") = "7", "7\7.csproj", "{B63FCF3E-F53B-46AA-9FF1-E5174AA0FC1F}"
EndProject
Project("{FAE04EC0-301F-11D3-BF4B-00C04F79EFBC}") = "8", "8\8.csproj", "{01CED4A8-9A93-4D52-87FD-67F020E99F78}"
EndProject
Project("{FAE04EC0-301F-11D3-BF4B-00C04F79EFBC}") = "9", "9\9.csproj", "{33CA5B6A-C46D-4437-97CD-BE45565CD3E9}"
EndProject
Project("{FAE04EC0-301F-11D3-BF4B-00C04F79EFBC}") = "10", "10\10.csproj", "{B398E77F-C6E5-42AC-9965-47F560466681}"
EndProject
Project("{FAE04EC0-301F-11D3-BF4B-00C04F79EFBC}") = "11", "11\11.csproj", "{57555DF5-213E-477E-92B0-37CA18771C4E}"
EndProject
Project("{FAE04EC0-301F-11D3-BF4B-00C04F79EFBC}") = "12", "12\12.csproj", "{19F74231-012A-42CE-92E8-A58D6AC26E19}"
EndProject
Global
	GlobalSection(SolutionConfigurationPlatforms) = preSolution
		Debug|Any CPU = Debug|Any CPU
		Release|Any CPU = Release|Any CPU
	EndGlobalSection
	GlobalSection(ProjectConfigurationPlatforms) = postSolution
		{487DABD1-9F8F-4E19-9344-890EE3FD37FC}.Debug|Any CPU.ActiveCfg = Debug|Any CPU
		{487DABD1-9F8F-4E19-9344-890EE3FD37FC}.Debug|Any CPU.Build.0 = Debug|Any CPU
		{487DABD1-9F8F-4E19-9344-890EE3FD37FC}.Release|Any CPU.ActiveCfg = Release|Any CPU
		{487DABD1-9F8F-4E19-9344-890EE3FD37FC}.Release|Any CPU.Build.0 = Release|Any CPU
		{D6915D39-48B3-46F9-B961-C104D2F120B6}.Debug|Any CPU.ActiveCfg = Debug|Any CPU
		{D6915D39-48B3-46F9-B961-C104D2F120B6}.Debug|Any CPU.Build.0 = Debug|Any CPU
		{D6915D39-48B3-46F9-B961-C104D2F120B6}.Release|Any CPU.ActiveCfg = Release|Any CPU
		{D6915D39-48B3-46F9-B961-C104D2F120B6}.Release|Any CPU.Build.0 = Release|Any CPU
		{B87D05E5-94A4-4A22-90E3-3794D5BB4039}.Debug|Any CPU.ActiveCfg = Debug|Any CPU
		{B87D05E5-94A4-4A22-90E3-3794D5BB4039}.Debug|Any CPU.Build.0 = Debug|Any CPU
		{B87D05E5-94A4-4A22-90E3-3794D5BB4039}.Release|Any CPU.ActiveCfg = Release|Any CPU
		{B87D05E5-94A4-4A22-90E3-3794D5BB4039}.Release|Any CPU.Build.0 = Release|Any CPU
		{78551C52-60CF-49D1-B194-F8B0C4160C2A}.Debug|Any CPU.ActiveCfg = Debug|Any CPU
		{78551C52-60CF-49D1-B194-F8B0C4160C2A}.Debug|Any CPU.Build.0 = Debug|Any CPU
		{78551C52-60CF-49D1-B194-F8B0C4160C2A}.Release|Any CPU.ActiveCfg = Release|Any CPU
		{78551C52-60CF-49D1-B194-F8B0C4160C2A}.Release|Any CPU.Build.0 = Release|Any CPU
		{8C34069A-AE38-42A3-91A7-CB4BA4CCF132}.Debug|Any CPU.ActiveCfg = Debug|Any CPU
		{8C34069A-AE38-42A3-91A7-CB4BA4CCF132}.Debug|Any CPU.Build.0 = Debug|Any CPU
		{8C34069A-AE38-42A3-91A7-CB4BA4CCF132}.Release|Any CPU.ActiveCfg = Release|Any CPU
		{8C34069A-AE38-42A3-91A7-CB4BA4CCF132}.Release|Any CPU.Build.0 = Release|Any CPU
		{97BDE8BE-C687-4717-AB85-5AA885913A41}.Debug|Any CPU.ActiveCfg = Debug|Any CPU
		{97BDE8BE-C687-4717-AB85-5AA885913A41}.Debug|Any CPU.Build.0 = Debug|Any CPU
		{97BDE8BE-C687-4717-AB85-5AA885913A41}.Release|Any CPU.ActiveCfg = Release|Any CPU
		{97BDE8BE-C687-4717-AB85-5AA885913A41}.Release|Any CPU.Build.0 = Release|Any CPU
		{B63FCF3E-F53B-46AA-9FF1-E5174AA0FC1F}.Debug|Any CPU.ActiveCfg = Debug|Any CPU
		{B63FCF3E-F53B-46AA-9FF1-E5174AA0FC1F}.Debug|Any CPU.Build.0 = Debug|Any CPU
		{B63FCF3E-F53B-46AA-9FF1-E5174AA0FC1F}.Release|Any CPU.ActiveCfg = Release|Any CPU
		{B63FCF3E-F53B-46AA-9FF1-E5174AA0FC1F}.Release|Any CPU.Build.0 = Release|Any CPU
		{01CED4A8-9A93-4D52-87FD-67F020E99F78}.Debug|Any CPU.ActiveCfg = Debug|Any CPU
		{01CED4A8-9A93-4D52-87FD-67F020E99F78}.Debug|Any CPU.Build.0 = Debug|Any CPU
		{01CED4A8-9A93-4D52-87FD-67F020E99F78}.Release|Any CPU.ActiveCfg = Release|Any CPU
		{01CED4A8-9A93-4D52-87FD-67F020E99F78}.Release|Any CPU.Build.0 = Release|Any CPU
		{33CA5B6A-C46D-4437-97CD-BE45565CD3E9}.Debug|Any CPU.ActiveCfg = Debug|Any CPU
		{33CA5B6A-C46D-4437-97CD-BE45565CD3E9}.Debug|Any CPU.Build.0 = Debug|Any CPU
		{33CA5B6A-C46D-4437-97CD-BE45565CD3E9}.Release|Any CPU.ActiveCfg = Release|Any CPU
		{33CA5B6A-C46D-4437-97CD-BE45565CD3E9}.Release|Any CPU.Build.0 = Release|Any CPU
		{B398E77F-C6E5-42AC-9965-47F560466681}.Debug|Any CPU.ActiveCfg = Debug|Any CPU
		{B398E77F-C6E5-42AC-9965-47F560466681}.Debug|Any CPU.Build.0 = Debug|Any CPU
		{B398E77F-C6E5-42AC-9965-47F560466681}.Release|Any CPU.ActiveCfg = Release|Any CPU
		{B398E77F-C6E5-42AC-9965-47F560466681}.Release|Any CPU.Build.0 = Release|Any CPU
		{57555DF5-213E-477E-92B0-37CA18771C4E}.Debug|Any CPU.ActiveCfg = Debug|Any CPU
		{57555DF5-213E-477E-92B0-37CA18771C4E}.Debug|Any CPU.Build.0 = Debug|Any CPU
		{57555DF5-213E-477E-92B0-37CA18771C4E}.Release|Any CPU.ActiveCfg = Release|Any CPU
		{57555DF5-213E-477E-92B0-37CA18771C4E}.Release|Any CPU.Build.0 = Release|Any CPU
		{19F74231-012A-42CE-92E8-A58D6AC26E19}.Debug|Any CPU.ActiveCfg = Debug|Any CPU
		{19F74231-012A-42CE-92E8-A58D6AC26E19}.Debug|Any CPU.Build.0 = Debug|Any CPU
		{19F74231-012A-42CE-92E8-A58D6AC26E19}.Release|Any CPU.ActiveCfg = Release|Any CPU
		{19F74231-012A-42CE-92E8-A58D6AC26E19}.Release|Any CPU.Build.0 = Release|Any CPU
	EndGlobalSection
EndGlobal
