
Microsoft Visual Studio Solution File, Format Version 12.00
# Visual Studio Version 17
VisualStudioVersion = 17.10.35027.167
MinimumVisualStudioVersion = 10.0.40219.1
Project("{9A19103F-16F7-4668-BE54-9A1E7A4F7556}") = "01", "01\01.csproj", "{F3C6DB46-2834-4C9F-A42E-B4A1DA886CDD}"
EndProject
Project("{9A19103F-16F7-4668-BE54-9A1E7A4F7556}") = "02", "02\02.csproj", "{89EDF97F-8871-40F7-8DD1-1E88A19DD183}"
EndProject
Project("{9A19103F-16F7-4668-BE54-9A1E7A4F7556}") = "03", "03\03.csproj", "{91605068-6042-4698-BBC9-AE5F4900D2B3}"
EndProject
Project("{9A19103F-16F7-4668-BE54-9A1E7A4F7556}") = "04", "04\04.csproj", "{F55A7C1D-C717-4A40-A0EF-673BAC0B4203}"
EndProject
Project("{9A19103F-16F7-4668-BE54-9A1E7A4F7556}") = "05", "05\05.csproj", "{DF6C581C-B582-44ED-8FD1-429489167227}"
EndProject
Project("{9A19103F-16F7-4668-BE54-9A1E7A4F7556}") = "06", "06\06.csproj", "{6D15EDDB-1FAB-4AA1-A63E-B43F5BC78FBD}"
EndProject
Project("{9A19103F-16F7-4668-BE54-9A1E7A4F7556}") = "07", "07\07.csproj", "{1404FA6A-B9CD-4B92-8212-3DCD6AD8A505}"
EndProject
Project("{9A19103F-16F7-4668-BE54-9A1E7A4F7556}") = "08", "08\08.csproj", "{5852864F-EE6F-4CD3-946E-E2DB3F98558B}"
EndProject
Project("{FAE04EC0-301F-11D3-BF4B-00C04F79EFBC}") = "09", "09\09.csproj", "{E242EBA8-3F98-4028-8D09-20BB6C0D449E}"
EndProject
Project("{FAE04EC0-301F-11D3-BF4B-00C04F79EFBC}") = "10", "10\10.csproj", "{5156BA91-FC2E-418B-B696-648955CB72DC}"
EndProject
Global
	GlobalSection(SolutionConfigurationPlatforms) = preSolution
		Debug|Any CPU = Debug|Any CPU
		Release|Any CPU = Release|Any CPU
	EndGlobalSection
	GlobalSection(ProjectConfigurationPlatforms) = postSolution
		{F3C6DB46-2834-4C9F-A42E-B4A1DA886CDD}.Debug|Any CPU.ActiveCfg = Debug|Any CPU
		{F3C6DB46-2834-4C9F-A42E-B4A1DA886CDD}.Debug|Any CPU.Build.0 = Debug|Any CPU
		{F3C6DB46-2834-4C9F-A42E-B4A1DA886CDD}.Release|Any CPU.ActiveCfg = Release|Any CPU
		{F3C6DB46-2834-4C9F-A42E-B4A1DA886CDD}.Release|Any CPU.Build.0 = Release|Any CPU
		{89EDF97F-8871-40F7-8DD1-1E88A19DD183}.Debug|Any CPU.ActiveCfg = Debug|Any CPU
		{89EDF97F-8871-40F7-8DD1-1E88A19DD183}.Debug|Any CPU.Build.0 = Debug|Any CPU
		{89EDF97F-8871-40F7-8DD1-1E88A19DD183}.Release|Any CPU.ActiveCfg = Release|Any CPU
		{89EDF97F-8871-40F7-8DD1-1E88A19DD183}.Release|Any CPU.Build.0 = Release|Any CPU
		{91605068-6042-4698-BBC9-AE5F4900D2B3}.Debug|Any CPU.ActiveCfg = Debug|Any CPU
		{91605068-6042-4698-BBC9-AE5F4900D2B3}.Debug|Any CPU.Build.0 = Debug|Any CPU
		{91605068-6042-4698-BBC9-AE5F4900D2B3}.Release|Any CPU.ActiveCfg = Release|Any CPU
		{91605068-6042-4698-BBC9-AE5F4900D2B3}.Release|Any CPU.Build.0 = Release|Any CPU
		{F55A7C1D-C717-4A40-A0EF-673BAC0B4203}.Debug|Any CPU.ActiveCfg = Debug|Any CPU
		{F55A7C1D-C717-4A40-A0EF-673BAC0B4203}.Debug|Any CPU.Build.0 = Debug|Any CPU
		{F55A7C1D-C717-4A40-A0EF-673BAC0B4203}.Release|Any CPU.ActiveCfg = Release|Any CPU
		{F55A7C1D-C717-4A40-A0EF-673BAC0B4203}.Release|Any CPU.Build.0 = Release|Any CPU
		{DF6C581C-B582-44ED-8FD1-429489167227}.Debug|Any CPU.ActiveCfg = Debug|Any CPU
		{DF6C581C-B582-44ED-8FD1-429489167227}.Debug|Any CPU.Build.0 = Debug|Any CPU
		{DF6C581C-B582-44ED-8FD1-429489167227}.Release|Any CPU.ActiveCfg = Release|Any CPU
		{DF6C581C-B582-44ED-8FD1-429489167227}.Release|Any CPU.Build.0 = Release|Any CPU
		{6D15EDDB-1FAB-4AA1-A63E-B43F5BC78FBD}.Debug|Any CPU.ActiveCfg = Debug|Any CPU
		{6D15EDDB-1FAB-4AA1-A63E-B43F5BC78FBD}.Debug|Any CPU.Build.0 = Debug|Any CPU
		{6D15EDDB-1FAB-4AA1-A63E-B43F5BC78FBD}.Release|Any CPU.ActiveCfg = Release|Any CPU
		{6D15EDDB-1FAB-4AA1-A63E-B43F5BC78FBD}.Release|Any CPU.Build.0 = Release|Any CPU
		{1404FA6A-B9CD-4B92-8212-3DCD6AD8A505}.Debug|Any CPU.ActiveCfg = Debug|Any CPU
		{1404FA6A-B9CD-4B92-8212-3DCD6AD8A505}.Debug|Any CPU.Build.0 = Debug|Any CPU
		{1404FA6A-B9CD-4B92-8212-3DCD6AD8A505}.Release|Any CPU.ActiveCfg = Release|Any CPU
		{1404FA6A-B9CD-4B92-8212-3DCD6AD8A505}.Release|Any CPU.Build.0 = Release|Any CPU
		{5852864F-EE6F-4CD3-946E-E2DB3F98558B}.Debug|Any CPU.ActiveCfg = Debug|Any CPU
		{5852864F-EE6F-4CD3-946E-E2DB3F98558B}.Debug|Any CPU.Build.0 = Debug|Any CPU
		{5852864F-EE6F-4CD3-946E-E2DB3F98558B}.Release|Any CPU.ActiveCfg = Release|Any CPU
		{5852864F-EE6F-4CD3-946E-E2DB3F98558B}.Release|Any CPU.Build.0 = Release|Any CPU
		{E242EBA8-3F98-4028-8D09-20BB6C0D449E}.Debug|Any CPU.ActiveCfg = Debug|Any CPU
		{E242EBA8-3F98-4028-8D09-20BB6C0D449E}.Debug|Any CPU.Build.0 = Debug|Any CPU
		{E242EBA8-3F98-4028-8D09-20BB6C0D449E}.Release|Any CPU.ActiveCfg = Release|Any CPU
		{E242EBA8-3F98-4028-8D09-20BB6C0D449E}.Release|Any CPU.Build.0 = Release|Any CPU
		{5156BA91-FC2E-418B-B696-648955CB72DC}.Debug|Any CPU.ActiveCfg = Debug|Any CPU
		{5156BA91-FC2E-418B-B696-648955CB72DC}.Debug|Any CPU.Build.0 = Debug|Any CPU
		{5156BA91-FC2E-418B-B696-648955CB72DC}.Release|Any CPU.ActiveCfg = Release|Any CPU
		{5156BA91-FC2E-418B-B696-648955CB72DC}.Release|Any CPU.Build.0 = Release|Any CPU
	EndGlobalSection
	GlobalSection(SolutionProperties) = preSolution
		HideSolutionNode = FALSE
	EndGlobalSection
	GlobalSection(ExtensibilityGlobals) = postSolution
		SolutionGuid = {09E8FFF0-117C-4D9C-AEF9-8DE1AF9EB32A}
	EndGlobalSection
EndGlobal
