
Microsoft Visual Studio Solution File, Format Version 12.00
# Visual Studio Version 17
VisualStudioVersion = 17.10.35027.167
MinimumVisualStudioVersion = 10.0.40219.1
Project("{FAE04EC0-301F-11D3-BF4B-00C04F79EFBC}") = "01", "01\01.csproj", "{9B10991A-752C-44CC-A9EA-D02CD0F9FF79}"
EndProject
Project("{FAE04EC0-301F-11D3-BF4B-00C04F79EFBC}") = "02", "02\02.csproj", "{C9534FBF-E16F-49AF-A19E-47EA143B6EFD}"
EndProject
Project("{FAE04EC0-301F-11D3-BF4B-00C04F79EFBC}") = "03", "03\03.csproj", "{06BD5609-4AF3-4174-8D06-DF777A0B51C8}"
EndProject
Project("{FAE04EC0-301F-11D3-BF4B-00C04F79EFBC}") = "04", "04\04.csproj", "{1D7F6C09-5265-44B1-99CB-AE79BDD70BD6}"
EndProject
Project("{FAE04EC0-301F-11D3-BF4B-00C04F79EFBC}") = "05", "05\05.csproj", "{EFA444B6-25A6-447B-B7A4-09207A46F399}"
EndProject
Project("{FAE04EC0-301F-11D3-BF4B-00C04F79EFBC}") = "06", "06\06.csproj", "{781EAF8D-CB1F-40D7-A8D8-115FA74ECA81}"
EndProject
Project("{FAE04EC0-301F-11D3-BF4B-00C04F79EFBC}") = "07", "07\07.csproj", "{0F5701EA-3AB2-4374-A4D7-851EFEA38240}"
EndProject
Project("{FAE04EC0-301F-11D3-BF4B-00C04F79EFBC}") = "08", "08\08.csproj", "{857D295A-15E4-4A1A-9016-9E108E087CFB}"
EndProject
Project("{FAE04EC0-301F-11D3-BF4B-00C04F79EFBC}") = "09", "09\09.csproj", "{96797292-E61A-455D-B1A1-BEC6ED18B8D8}"
EndProject
Project("{FAE04EC0-301F-11D3-BF4B-00C04F79EFBC}") = "10", "10\10.csproj", "{140005FE-1AF0-4924-AC2D-51790F1047FC}"
EndProject
Project("{FAE04EC0-301F-11D3-BF4B-00C04F79EFBC}") = "11", "11\11.csproj", "{6EDF16E6-53B4-43A0-8168-8C665E89AA5C}"
EndProject
Project("{FAE04EC0-301F-11D3-BF4B-00C04F79EFBC}") = "12", "12\12.csproj", "{DF877A75-0635-4ED7-A801-FF5618867F95}"
EndProject
Global
	GlobalSection(SolutionConfigurationPlatforms) = preSolution
		Debug|Any CPU = Debug|Any CPU
		Release|Any CPU = Release|Any CPU
	EndGlobalSection
	GlobalSection(ProjectConfigurationPlatforms) = postSolution
		{9B10991A-752C-44CC-A9EA-D02CD0F9FF79}.Debug|Any CPU.ActiveCfg = Debug|Any CPU
		{9B10991A-752C-44CC-A9EA-D02CD0F9FF79}.Debug|Any CPU.Build.0 = Debug|Any CPU
		{9B10991A-752C-44CC-A9EA-D02CD0F9FF79}.Release|Any CPU.ActiveCfg = Release|Any CPU
		{9B10991A-752C-44CC-A9EA-D02CD0F9FF79}.Release|Any CPU.Build.0 = Release|Any CPU
		{C9534FBF-E16F-49AF-A19E-47EA143B6EFD}.Debug|Any CPU.ActiveCfg = Debug|Any CPU
		{C9534FBF-E16F-49AF-A19E-47EA143B6EFD}.Debug|Any CPU.Build.0 = Debug|Any CPU
		{C9534FBF-E16F-49AF-A19E-47EA143B6EFD}.Release|Any CPU.ActiveCfg = Release|Any CPU
		{C9534FBF-E16F-49AF-A19E-47EA143B6EFD}.Release|Any CPU.Build.0 = Release|Any CPU
		{06BD5609-4AF3-4174-8D06-DF777A0B51C8}.Debug|Any CPU.ActiveCfg = Debug|Any CPU
		{06BD5609-4AF3-4174-8D06-DF777A0B51C8}.Debug|Any CPU.Build.0 = Debug|Any CPU
		{06BD5609-4AF3-4174-8D06-DF777A0B51C8}.Release|Any CPU.ActiveCfg = Release|Any CPU
		{06BD5609-4AF3-4174-8D06-DF777A0B51C8}.Release|Any CPU.Build.0 = Release|Any CPU
		{1D7F6C09-5265-44B1-99CB-AE79BDD70BD6}.Debug|Any CPU.ActiveCfg = Debug|Any CPU
		{1D7F6C09-5265-44B1-99CB-AE79BDD70BD6}.Debug|Any CPU.Build.0 = Debug|Any CPU
		{1D7F6C09-5265-44B1-99CB-AE79BDD70BD6}.Release|Any CPU.ActiveCfg = Release|Any CPU
		{1D7F6C09-5265-44B1-99CB-AE79BDD70BD6}.Release|Any CPU.Build.0 = Release|Any CPU
		{EFA444B6-25A6-447B-B7A4-09207A46F399}.Debug|Any CPU.ActiveCfg = Debug|Any CPU
		{EFA444B6-25A6-447B-B7A4-09207A46F399}.Debug|Any CPU.Build.0 = Debug|Any CPU
		{EFA444B6-25A6-447B-B7A4-09207A46F399}.Release|Any CPU.ActiveCfg = Release|Any CPU
		{EFA444B6-25A6-447B-B7A4-09207A46F399}.Release|Any CPU.Build.0 = Release|Any CPU
		{781EAF8D-CB1F-40D7-A8D8-115FA74ECA81}.Debug|Any CPU.ActiveCfg = Debug|Any CPU
		{781EAF8D-CB1F-40D7-A8D8-115FA74ECA81}.Debug|Any CPU.Build.0 = Debug|Any CPU
		{781EAF8D-CB1F-40D7-A8D8-115FA74ECA81}.Release|Any CPU.ActiveCfg = Release|Any CPU
		{781EAF8D-CB1F-40D7-A8D8-115FA74ECA81}.Release|Any CPU.Build.0 = Release|Any CPU
		{0F5701EA-3AB2-4374-A4D7-851EFEA38240}.Debug|Any CPU.ActiveCfg = Debug|Any CPU
		{0F5701EA-3AB2-4374-A4D7-851EFEA38240}.Debug|Any CPU.Build.0 = Debug|Any CPU
		{0F5701EA-3AB2-4374-A4D7-851EFEA38240}.Release|Any CPU.ActiveCfg = Release|Any CPU
		{0F5701EA-3AB2-4374-A4D7-851EFEA38240}.Release|Any CPU.Build.0 = Release|Any CPU
		{857D295A-15E4-4A1A-9016-9E108E087CFB}.Debug|Any CPU.ActiveCfg = Debug|Any CPU
		{857D295A-15E4-4A1A-9016-9E108E087CFB}.Debug|Any CPU.Build.0 = Debug|Any CPU
		{857D295A-15E4-4A1A-9016-9E108E087CFB}.Release|Any CPU.ActiveCfg = Release|Any CPU
		{857D295A-15E4-4A1A-9016-9E108E087CFB}.Release|Any CPU.Build.0 = Release|Any CPU
		{96797292-E61A-455D-B1A1-BEC6ED18B8D8}.Debug|Any CPU.ActiveCfg = Debug|Any CPU
		{96797292-E61A-455D-B1A1-BEC6ED18B8D8}.Debug|Any CPU.Build.0 = Debug|Any CPU
		{96797292-E61A-455D-B1A1-BEC6ED18B8D8}.Release|Any CPU.ActiveCfg = Release|Any CPU
		{96797292-E61A-455D-B1A1-BEC6ED18B8D8}.Release|Any CPU.Build.0 = Release|Any CPU
		{140005FE-1AF0-4924-AC2D-51790F1047FC}.Debug|Any CPU.ActiveCfg = Debug|Any CPU
		{140005FE-1AF0-4924-AC2D-51790F1047FC}.Debug|Any CPU.Build.0 = Debug|Any CPU
		{140005FE-1AF0-4924-AC2D-51790F1047FC}.Release|Any CPU.ActiveCfg = Release|Any CPU
		{140005FE-1AF0-4924-AC2D-51790F1047FC}.Release|Any CPU.Build.0 = Release|Any CPU
		{6EDF16E6-53B4-43A0-8168-8C665E89AA5C}.Debug|Any CPU.ActiveCfg = Debug|Any CPU
		{6EDF16E6-53B4-43A0-8168-8C665E89AA5C}.Debug|Any CPU.Build.0 = Debug|Any CPU
		{6EDF16E6-53B4-43A0-8168-8C665E89AA5C}.Release|Any CPU.ActiveCfg = Release|Any CPU
		{6EDF16E6-53B4-43A0-8168-8C665E89AA5C}.Release|Any CPU.Build.0 = Release|Any CPU
		{DF877A75-0635-4ED7-A801-FF5618867F95}.Debug|Any CPU.ActiveCfg = Debug|Any CPU
		{DF877A75-0635-4ED7-A801-FF5618867F95}.Debug|Any CPU.Build.0 = Debug|Any CPU
		{DF877A75-0635-4ED7-A801-FF5618867F95}.Release|Any CPU.ActiveCfg = Release|Any CPU
		{DF877A75-0635-4ED7-A801-FF5618867F95}.Release|Any CPU.Build.0 = Release|Any CPU
	EndGlobalSection
	GlobalSection(SolutionProperties) = preSolution
		HideSolutionNode = FALSE
	EndGlobalSection
	GlobalSection(ExtensibilityGlobals) = postSolution
		SolutionGuid = {9ACBB64E-A3F4-48DA-A7BD-2EA3A62A87EF}
	EndGlobalSection
EndGlobal
